
Microsoft Visual Studio Solution File, Format Version 12.00
# Visual Studio Version 17
VisualStudioVersion = 17.0.32014.148
MinimumVisualStudioVersion = 10.0.40219.1
Project("{FAE04EC0-301F-11D3-BF4B-00C04F79EFBC}") = "WpfApp1", "WpfApp1\WpfApp1.csproj", "{0479F9E0-73B7-4247-90C6-A77CF135A2EC}"
EndProject
Global
	GlobalSection(SolutionConfigurationPlatforms) = preSolution
		Debug|Any CPU = Debug|Any CPU
		Release|Any CPU = Release|Any CPU
	EndGlobalSection
	GlobalSection(ProjectConfigurationPlatforms) = postSolution
		{0479F9E0-73B7-4247-90C6-A77CF135A2EC}.Debug|Any CPU.ActiveCfg = Debug|Any CPU
		{0479F9E0-73B7-4247-90C6-A77CF135A2EC}.Debug|Any CPU.Build.0 = Debug|Any CPU
		{0479F9E0-73B7-4247-90C6-A77CF135A2EC}.Release|Any CPU.ActiveCfg = Release|Any CPU
		{0479F9E0-73B7-4247-90C6-A77CF135A2EC}.Release|Any CPU.Build.0 = Release|Any CPU
	EndGlobalSection
	GlobalSection(SolutionProperties) = preSolution
		HideSolutionNode = FALSE
	EndGlobalSection
	GlobalSection(ExtensibilityGlobals) = postSolution
		SolutionGuid = {5EB4C29B-685E-4B0C-9410-E5935ED4B22E}
	EndGlobalSection
EndGlobal
